{
    "_meta": {
        "hash": {
            "sha256": "5705e713a214247ee4a4f485760731a5d062d5c1a7cdf66a019018a752dadac5"
        },
        "host-environment-markers": {
            "implementation_name": "cpython",
            "implementation_version": "3.6.3",
            "os_name": "posix",
            "platform_machine": "x86_64",
            "platform_python_implementation": "CPython",
            "platform_release": "4.13.0-16-generic",
            "platform_system": "Linux",
            "platform_version": "#19-Ubuntu SMP Wed Oct 11 18:35:14 UTC 2017",
            "python_full_version": "3.6.3",
            "python_version": "3.6",
            "sys_platform": "linux"
        },
        "pipfile-spec": 6,
        "requires": {},
        "sources": [
            {
                "name": "pypi",
                "url": "https://pypi.python.org/simple",
                "verify_ssl": true
            }
        ]
    },
    "default": {
        "aiohttp": {
            "hashes": [
                "sha256:cb281a30655efe939550b7dfbe8c5d6e84951caf52510528a88ae7fe483109ae",
                "sha256:7ff6173cc691a44845e10f452d52932f12b45c6d5db85f5702b17d15addda808",
                "sha256:e5c2c16ae815d883d4072f2d4542effdeae1d9a464b56bd06186d9eeca1981fe",
                "sha256:bd920a8b5da1e0ed89c1a688d1ed252ba71189ff747747d38803728a9fba17d4",
                "sha256:34dc28c31786f43dcd5a25e19da1dd8a5289d338f4ed1a1a9e5d1431ad4b79e2",
                "sha256:8b5087310db23b1976776beedab05c8aa8e490755e9f3473fc1f07aa0cbe3bb9",
                "sha256:3654f4913a6c02e742051881f94b7b8a9dfe527318e8d7a7dd2f2d8474b0c082",
                "sha256:9af1260050bb29db245d284c659e710161c45575f8fb365202551c5fd43ed1c1",
                "sha256:0589a94051aa0573b28eb5d330a0d12cee891d2ed9fd9323c9ddbe322e88fc15",
                "sha256:b3b047ecd8b899f99d669f5e22aeabcc77e78f3eb4ee985755ec49c53fcccfc2",
                "sha256:b73d90381c915c8f873da65520af3e8ac8d26e054b9bc849faa802b25623172a",
                "sha256:e698a369200b6d4e50a493cf1da4a25f5457f61afd5e7fe91b40f9859f632d1f",
                "sha256:c58ddcb3ef4dde692e98738f6b3d06650d2b2722910e4d18184530ff8d092d95",
                "sha256:0965fa5e798b7faacd6417eeb5c476aa6a7d730ba2793106e5bae610fdb043cb",
                "sha256:3979ef9071bd3c909d33cc333bde356f7063555ad8a0383e53f18dc31131b7d8",
                "sha256:85caf471c5216d615b01443293cc5ead7502053dedd804da32dd35de816a7436",
                "sha256:63de1a47530b7bf770f1ad26f342ea94babb451ae04cd3119e87cbfea1c970e5",
                "sha256:04a8c24a376bb547c0c9b6e721d6ced23062d262d24d5e63a3e383c8b49e14ef",
                "sha256:9e70efab3bfea1493f3099031e3731a6519adad62e6d3f464b429a80a6e2ff6f",
                "sha256:c7cb8d2be2f3351a28bee9deca1194e1402171c47b52f16708321ef4ce682333",
                "sha256:ab9e7ecf375387ae3d17ac25492801860f2726f541d73cf1108fa157e1da75a3",
                "sha256:42373fbdbe8f09233c17e74f53cee877bc7d5b495b4fc14c32a119255e85e736"
            ],
            "version": "==2.3.2"
        },
        "aiotg": {
            "hashes": [
                "sha256:d981a702cdd96c3ccd4b4520a17c8c39454bb3dadc909868d37744a1aa2fe00a"
            ],
            "version": "==0.9.4"
        },
        "argh": {
            "hashes": [
                "sha256:a9b3aaa1904eeb78e32394cd46c6f37ac0fb4af6dc488daa58971bdc7d7fcaf3",
                "sha256:e9535b8c84dc9571a48999094fda7f33e63c3f1b74f3e5f3ac0105a58405bb65"
            ],
            "version": "==0.26.2"
        },
        "async-timeout": {
            "hashes": [
                "sha256:d3a195a827b0f4068d1616ae2da04aac62e365d14f2b13dbc071f9feed9db4e2",
                "sha256:c17d8ac2d735d59aa62737d76f2787a6c938f5a944ecf768a8c0ab70b0dea566"
            ],
            "version": "==2.0.0"
        },
        "beautifulsoup4": {
            "hashes": [
                "sha256:7015e76bf32f1f574636c4288399a6de66ce08fb7b2457f628a8d70c0fbabb11",
                "sha256:11a9a27b7d3bddc6d86f59fb76afb70e921a25ac2d6cc55b40d072bd68435a76",
                "sha256:808b6ac932dccb0a4126558f7dfdcf41710dd44a4ef497a0bb59a77f9f078e89"
            ],
            "version": "==4.6.0"
        },
        "bs4": {
            "hashes": [
                "sha256:36ecea1fd7cc5c0c6e4a1ff075df26d50da647b75376626cc186e2212886dd3a"
            ],
            "version": "==0.0.1"
        },
        "chardet": {
            "hashes": [
                "sha256:fc323ffcaeaed0e0a02bf4d117757b98aed530d9ed4531e3e15460124c106691",
                "sha256:84ab92ed1c4d4f16916e05906b6b75a6c0fb5db821cc65e70cbd64a3e2a5eaae"
            ],
            "version": "==3.0.4"
        },
        "dateparser": {
            "hashes": [
                "sha256:e2629d2f8361722c6047138ca085256c9f2cf5cc657fd66122aa0564afa4dc33",
                "sha256:f8c24317120b06f71691d28076764ec084a132be2a250a78fdf54f6b427cac95"
            ],
            "version": "==0.6.0"
        },
        "humanize": {
            "hashes": [
                "sha256:a43f57115831ac7c70de098e6ac46ac13be00d69abbf60bdcac251344785bb19"
            ],
            "version": "==0.5.1"
        },
        "maya": {
            "hashes": [
                "sha256:b22d22837f921b8cbe884b6a288d9f795c58d9d9165e4a9ff80df102914e2e49",
                "sha256:bad39d8f9c6e2c8f446a2187eafbc2128aa20397787be1e4697bb29b239908f5"
            ],
            "version": "==0.3.3"
        },
        "multidict": {
            "hashes": [
                "sha256:d12dfcff45b5c0eb3d586289cbf928012e75f93f10f4b9d7af903acb07b3c226",
                "sha256:f7deb65a184cbe757faaf4c6d2b8f203cb1a11dd44603a34d7befc343253d5bf",
                "sha256:80ad69b8330135b52a6da7a1f0ab6a278025bb72ea08768966785c829f515a6f",
                "sha256:3261b631cd6d079e6a20def3306b433794f800ea896dce4f1d5e833ad9bf6f26",
                "sha256:80e2bd17ea98fe77867771e1ee03433a54fa492a8413966a6caa766bdd6d6e62",
                "sha256:8eb59892040198741944eafca0c34be4da6b58be7fddf6e491a2d9e7e1767548",
                "sha256:24ec0d645ca70981e1c84e97e48c874b47f4970a173c8c751be9c213a8658e40",
                "sha256:167558cfb7c43077b3d8602142109f2b52fae0841a7ff97eb0a7443db199f303",
                "sha256:80abc93d197e24fb7c5aa5a8be3eacbcbc7115a2ff64e46162a4c2b46cd2f75a",
                "sha256:ff2b92a41df2e4c5cafaefb782469f3e6053ed00026d75a398521096192d0408",
                "sha256:5cfb63f0ddfa86ce6e80eee64e4fe886f9dfdb6dbbd724997bccb66513b0e29f",
                "sha256:50dac1151e34974b04419073ee9726f4180c6daf3454fd4af258824a19ad8c1d",
                "sha256:ebf1ba2af62dbaa37cf3db346830bb43d40d05a5f1f1966888a620f9b795e7c7",
                "sha256:3f513f3bf933d7cb6f5741f6676d4fac1e96aa634161c071974f9bb86a7bbac9",
                "sha256:ef6dc6e2d51b6058aa62cdd44dbf02c250c19eee6ff0065babc0ac126b068d43",
                "sha256:90dc3b8fefc58a865d64957f8f901d724250ba2a40e02f49d0df0103e96f5afa",
                "sha256:70630854b820d73ae102440123df38c983d77cd4ae444f3930a6bb6bbda87b76",
                "sha256:faf2b6447521d2075d03fb5e7c5467bac68f67df1c69e034ebca3afb6b3c619d",
                "sha256:eb7d5d39463137726138fc14c8458131136b8f4b06ba65f1cecd7aa6abe91df1",
                "sha256:fa04df1503fae7045883c57db47ba0c07de2ebe4a91c3e64d56f20d3d99e5dc8",
                "sha256:bce16633f3ee88863e4c9bcd7e037a6133c56fd9e7e7c0776bbaeeddcf154ac4",
                "sha256:f82e61c7408ed0dce1862100db55595481911f159d6ddec0b375d35b6449509b"
            ],
            "version": "==3.3.2"
        },
        "pathtools": {
            "hashes": [
                "sha256:7c35c5421a39bb82e58018febd90e3b6e5db34c5443aaaf742b3f33d4655f1c0"
            ],
            "version": "==0.1.2"
        },
        "pendulum": {
            "hashes": [
                "sha256:44ed222f2bcbbda64a4a9f7503bfbb7c539420f0a163a007c92cea9878d60dea",
                "sha256:44361188a07f76a26dc1ea41fb20746723db17951d525617ae0db4a256d3ca32",
                "sha256:6eefa306dd3c9bf3ec6058fb7042877d0d7a12343925b67b62e6259a2541b899",
                "sha256:e2cad79f49134d743024f9d59b71224117d2712350cf601c6e93c8be84a1c82b",
                "sha256:aebffa08eefa3a4b9872dc1be87d5801a30604cde8dd7e25c9ec70ad2328e188",
                "sha256:0bdeba610b66c4674764efa090088ce9a8bae780d8600e22ec55c4a4d01c01b5",
                "sha256:beffaba5b2f5d22b1384062e4c4b0d6f710da225c8f43c1f03734c5e9d3bdfbb",
                "sha256:9284b53fd013dc4357644009b8d055a32c8bbbdf20fb95bc338d70089b6ed0c8"
            ],
            "version": "==1.3.2"
        },
        "python-dateutil": {
            "hashes": [
                "sha256:95511bae634d69bc7329ba55e646499a842bc4ec342ad54a8cdb65645a0aad3c",
                "sha256:891c38b2a02f5bb1be3e4793866c8df49c7d19baabf9c1bad62547e0b4866aca"
            ],
            "version": "==2.6.1"
        },
        "pytz": {
            "hashes": [
                "sha256:80af0f3008046b9975242012a985f04c5df1f01eed4ec1633d56cc47a75a6a48",
                "sha256:feb2365914948b8620347784b6b6da356f31c9d03560259070b2f30cff3d469d",
                "sha256:59707844a9825589878236ff2f4e0dc9958511b7ffaae94dc615da07d4a68d33",
                "sha256:d0ef5ef55ed3d37854320d4926b04a4cb42a2e88f71da9ddfdacfde8e364f027",
                "sha256:c41c62827ce9cafacd6f2f7018e4f83a6f1986e87bfd000b8cfbd4ab5da95f1a",
                "sha256:8cc90340159b5d7ced6f2ba77694d946fc975b09f1a51d93f3ce3bb399396f94",
                "sha256:dd2e4ca6ce3785c8dd342d1853dd9052b19290d5bf66060846e5dc6b8d6667f7",
                "sha256:699d18a2a56f19ee5698ab1123bbcc1d269d061996aeb1eda6d89248d3542b82",
                "sha256:fae4cffc040921b8a2d60c6cf0b5d662c1190fe54d718271db4eb17d44a185b7"
            ],
            "version": "==2017.3"
        },
        "pytzdata": {
            "hashes": [
                "sha256:cd5b72400a7378b3b45eef5929cbe97ed44c3368685c35c477e316ebaa7e1809",
                "sha256:e87376f2ee7cb89af5ddea5ed07ce3e98a55f891d07ae87d8c49e99f069423f2"
            ],
            "version": "==2017.3.1"
        },
        "pyyaml": {
            "hashes": [
                "sha256:3262c96a1ca437e7e4763e2843746588a965426550f3797a79fca9c6199c431f",
                "sha256:16b20e970597e051997d90dc2cddc713a2876c47e3d92d59ee198700c5427736",
                "sha256:e863072cdf4c72eebf179342c94e6989c67185842d9997960b3e69290b2fa269",
                "sha256:bc6bced57f826ca7cb5125a10b23fd0f2fff3b7c4701d64c439a300ce665fff8",
                "sha256:c01b880ec30b5a6e6aa67b09a2fe3fb30473008c85cd6a67359a1b15ed6d83a4",
                "sha256:827dc04b8fa7d07c44de11fabbc888e627fa8293b695e0f99cb544fdfa1bf0d1",
                "sha256:592766c6303207a20efc445587778322d7f73b161bd994f227adaa341ba212ab",
                "sha256:5f84523c076ad14ff5e6c037fe1c89a7f73a3e04cf0377cb4d017014976433f3",
                "sha256:0c507b7f74b3d2dd4d1322ec8a94794927305ab4cebbe89cc47fe5e81541e6e8",
                "sha256:b4c423ab23291d3945ac61346feeb9a0dc4184999ede5e7c43e1ffb975130ae6",
                "sha256:ca233c64c6e40eaa6c66ef97058cdc80e8d0157a443655baa1b2966e812807ca",
                "sha256:4474f8ea030b5127225b8894d626bb66c01cda098d47a2b0d3429b6700af9fd8",
                "sha256:326420cbb492172dec84b0f65c80942de6cedb5233c413dd824483989c000608",
                "sha256:5ac82e411044fb129bae5cfbeb3ba626acb2af31a8d17d175004b70862a741a7"
            ],
            "version": "==3.12"
        },
        "regex": {
            "hashes": [
                "sha256:c315e925fa730891e3f0062eee37fbf7509556d5535b17252e6ab5faa2276f5d",
                "sha256:f22730aee8c4233ceb9024a48bfa104c32d304f2a1521f95aa59cd4d484f1120",
                "sha256:7ab70b159ab8d7fc5432e8d7c23121800521c7550d88d302a7a775be1abf6a76",
                "sha256:86c2b17e28e331ab4574d7325451ffba2f22f383c286e7b38e2cef33a8d9ada1",
                "sha256:bef47bb687f665fa4758178162f1562cff2ce061199dfd14858d1f65da92b128",
                "sha256:0a15520a62e7644fb1f703f4738ea1b50e4fe323e4e9eaecf2127a3f6892d0cb",
                "sha256:d09d940f8658dd1bbb5febf183d1ceaed612e849db770ab951807fea8b51fb7b",
                "sha256:399a1f26007640ba1e1e5c0e46e17558268a2b9ddd787d4e40cc2357c8ee6008",
                "sha256:90f8ab38969346bf7cf1b7fd468ca2a521e3af213f64248b88958c9f7ad15afa",
                "sha256:bb69658df7a8eb616f865f0766cedd38f9ded56e45bb816980b838de945cf17e",
                "sha256:444b1da102a931d9d651884b466467c35060c0443092dd984acb2a5359dde72f",
                "sha256:dc1b7ebd47d87c23b166e27f9d6135f629c9e83d711495b7e20dd9eb4309b388",
                "sha256:2af159315ab39923fa4a56f8064274ac57b7c8fc7b33f7046c843b66acdcc6bf",
                "sha256:ff2b54f7816a8197dd3990e2f232b9d75aa28c1c3a1623cf91312409f1370e0d",
                "sha256:bb04109a5188f069ca5050997642c0e7fa84a675d1f0a7f6ba59db492e8522df",
                "sha256:739e1928e183be869a457112b6b491d4eef7d514f6d5c1e01cae6d14c4a0b1c2",
                "sha256:47f29120c7b0be01f202f47478df6cb77a73891e301bd365316c59de90b2b907",
                "sha256:7455b256d3e6f0cb58589c46f8e7ec9f172b39504a7b61031bedabb4ce5d62b2",
                "sha256:d440fbbf5a3e6dcc6c5ecb8e2dba1e01978a25a6540cbea6a583f654007bb7d5"
            ],
            "version": "==2017.11.9"
        },
        "ruamel.yaml": {
            "hashes": [
                "sha256:4bdec0b1a4a12e4a35b788ef53e0b2efd1e9f815ca48615b5244ccdbc8f0b56b",
                "sha256:6432088ef1c3cdc4b304dcec6044e560160c1f51dd0360ae3f0887057d310056",
                "sha256:64868964b64cad9103f37d0b4fc0ec950e5b683bbc47bf4a1ea893fd70aaabf0",
                "sha256:c8da0ea47df5f2dee58f6f904335ac55098b7e72303b01414ce80f37dd3091df",
                "sha256:87bdfb04981f1040ec60b1d1bfa8e7e4d89f7d06c86d4b2fa935002c62e43380",
                "sha256:c20e853cb585167fd5e4ce6e1b57fefe7bd4a61659f8fec5f77e12efa59a7a77",
                "sha256:e884979944642b4ad3222cb102a0d4c17fed2d37abfffdf0f319fae6e41d436a",
                "sha256:10493c92c0e5bd57d576d73b708ed900532846ead1b381c5236c41d0c39f5f71",
                "sha256:3127a87b274e516b3bf2058f64d784089322fddd7322f8e78e9f5380bdfee064",
                "sha256:530bec874292bacbbb80a9143e5182ce436c2a2434a2ea83dda24d30b8e572df",
                "sha256:d92d90c9bc0945223e47223a67808dd97ac9390ed914cc6871479b7ba489e607",
                "sha256:3e87114aac9553c39eea4b88e258eb7fdce39b81a2c399a775efe1f64e4f3d7b",
                "sha256:dfd14829070728159d0dac55a19e4c77514cb8ad3ae3fc2ed065d7f24038b60f",
                "sha256:2f28a3b6665697c20d841a4aee21cfb932bb0db91f293ff97daf845b914ddddb",
                "sha256:2de7bd2d5713c46be9d1d489b028178c9497813f78bd0486a31bbe1c268d7f21",
                "sha256:ddf0e1277664fafff0ae692e8ea2fca56f1ee4daf686d9be785ccdf3a9542744",
                "sha256:f1e29054c6e477963e302b007b6cd1d6c7a58c38d78fabe64fde9ce170d2d1fd"
            ],
            "version": "==0.15.34"
        },
        "six": {
            "hashes": [
                "sha256:832dc0e10feb1aa2c68dcc57dbb658f1c7e65b9b61af69048abc87a2db00a0eb",
                "sha256:70e8a77beed4562e7f14fe23a786b54f6296e34344c23bc42f07b15018ff98e9"
            ],
            "version": "==1.11.0"
        },
        "tinydb": {
            "hashes": [
                "sha256:071105c339b44f928968cb4e62f7340a568beb9962a3dcda66eb82da9cab0b0a"
            ],
            "version": "==3.7.0"
        },
        "tzlocal": {
            "hashes": [
                "sha256:05a2908f7fb1ba8843f03b2360d6ad314dbf2bce4644feb702ccd38527e13059"
            ],
            "version": "==1.4"
        },
        "watchdog": {
            "hashes": [
                "sha256:7e65882adb7746039b6f3876ee174952f8eaaa34491ba34333ddf1fe35de4162"
            ],
            "version": "==0.8.3"
        },
        "yarl": {
            "hashes": [
                "sha256:ef62ed11542934be938759de50ecb9b9b1fe4bc31329fbf93be0bc79d8f958c9",
                "sha256:512911d0e0fa7970bb59402011f232bba03c56f1f77bae80264e0a370448d309",
                "sha256:b982b6a89be5c2d4ec160c899c39d1b1a93f0595d955f1c6694a462ee3b62033",
                "sha256:57e962e253065d532828072468bbaf9e7304749244b0da9ab6b5ff2868cb260e",
                "sha256:dd1f598d09b78a36d053cf75b474c2815c4c7e2e609014b3d0cd4872ba1383cb",
                "sha256:60d28f0202b520b8d8e7a4468964c76214e2849bf9a70427dd43a3145d64ab20",
                "sha256:520ec764a1d39a3af0b8ef53cc639efb833f695abf30211e233c23c9f62c5d68",
                "sha256:e4e4c36d7aabcea8cb5377fbbed16af695a1c99ff08b8a8c55317ad77e7bc75d",
                "sha256:3b6659d2c4bf4483945e78125a00cfdce4dd27aeb0331ed88cdcdd1ba33b1871",
                "sha256:28ff0d2c7b2326b90f5613e3e4081853fc8d52cc29c2fda7f54852125c469b93",
                "sha256:0789677506dc15a7f9677de897fb351417a04c28d45923437068ca254920530a",
                "sha256:5f3c6a3a8b2e249adc6baeb7bbef5c1c46430fe646ba7afce022d96f9b033802",
                "sha256:e3cace21c8044457eb3a54506b99b267974c80280d3accfc7f22e70170f87ea8"
            ],
            "version": "==0.14.2"
        }
    },
    "develop": {}
}
