{
    "_meta": {
        "hash": {
            "sha256": "b25ce3a23c23f0374e462ab44b01e87c19a9c656613769cd04eb3d1c38262646"
        },
        "host-environment-markers": {
            "implementation_name": "cpython",
            "implementation_version": "0",
            "os_name": "posix",
            "platform_machine": "x86_64",
            "platform_python_implementation": "CPython",
            "platform_release": "4.10.0-37-generic",
            "platform_system": "Linux",
            "platform_version": "#41-Ubuntu SMP Fri Oct 6 20:20:37 UTC 2017",
            "python_full_version": "2.7.13",
            "python_version": "2.7",
            "sys_platform": "linux2"
        },
        "pipfile-spec": 6,
        "requires": {},
        "sources": [
            {
                "name": "pypi",
                "url": "https://pypi.python.org/simple",
                "verify_ssl": true
            }
        ]
    },
    "default": {
        "aiohttp": {
            "hashes": [
                "sha256:9705ded5a0faa25c8f14c6afb7044002d66c9120ed7eadb4aa9ca4aad32bd00c",
                "sha256:de8ef106e130b94ca143fdfc6f27cda1d8ba439462542377738af4d99d9f5dd2",
                "sha256:f0e2ac69cb709367400008cebccd5d48161dd146096a009a632a132babe5714c",
                "sha256:33c62afd115c456b0cf1e890fe6753055effe0f31a28321efd4f787378d6f4ab",
                "sha256:dcc7e4dcec6b0012537b9f8a0726f8b111188894ab0f924b680d40b13d3298a0",
                "sha256:b80f44b99fa3c9b4530fcfa324a99b84843043c35b084e0b653566049974435d",
                "sha256:eb6f1405b607fff7e44168e3ceb5d3c8a8c5a2d3effe0a27f843b16ec047a6d7",
                "sha256:666756e1d4cf161ed1486b82f65fdd386ac07dd20fb10f025abf4be54be12746",
                "sha256:d611ebd1ef48498210b65486306e065fde031040a1f3c455ca1b6baa7bf32ad3",
                "sha256:c67e105ec74b85c8cb666b6877569dee6f55b9548f982983b9bee80b3d47e6f3",
                "sha256:129d83dd067760cec3cfd4456b5c6d7ac29f2c639d856884568fd539bed5a51f",
                "sha256:d15c6658de5b7783c2538407278fa062b079a46d5f814a133ae0f09bbb2cfbc4",
                "sha256:af5bfdd164256118a0a306b3f7046e63207d1f8cba73a67dcc0bd858dcfcd3bc"
            ],
            "version": "==2.2.5"
        },
        "async-timeout": {
            "hashes": [
                "sha256:d3a195a827b0f4068d1616ae2da04aac62e365d14f2b13dbc071f9feed9db4e2",
                "sha256:c17d8ac2d735d59aa62737d76f2787a6c938f5a944ecf768a8c0ab70b0dea566"
            ],
            "version": "==2.0.0"
        },
        "beautifulsoup4": {
            "hashes": [
                "sha256:7015e76bf32f1f574636c4288399a6de66ce08fb7b2457f628a8d70c0fbabb11",
                "sha256:11a9a27b7d3bddc6d86f59fb76afb70e921a25ac2d6cc55b40d072bd68435a76",
                "sha256:808b6ac932dccb0a4126558f7dfdcf41710dd44a4ef497a0bb59a77f9f078e89"
            ],
            "version": "==4.6.0"
        },
        "bs4": {
            "hashes": [
                "sha256:36ecea1fd7cc5c0c6e4a1ff075df26d50da647b75376626cc186e2212886dd3a"
            ],
            "version": "==0.0.1"
        },
        "chardet": {
            "hashes": [
                "sha256:fc323ffcaeaed0e0a02bf4d117757b98aed530d9ed4531e3e15460124c106691",
                "sha256:84ab92ed1c4d4f16916e05906b6b75a6c0fb5db821cc65e70cbd64a3e2a5eaae"
            ],
            "version": "==3.0.4"
        },
        "dateparser": {
            "hashes": [
                "sha256:e2629d2f8361722c6047138ca085256c9f2cf5cc657fd66122aa0564afa4dc33",
                "sha256:f8c24317120b06f71691d28076764ec084a132be2a250a78fdf54f6b427cac95"
            ],
            "version": "==0.6.0"
        },
        "humanize": {
            "hashes": [
                "sha256:a43f57115831ac7c70de098e6ac46ac13be00d69abbf60bdcac251344785bb19"
            ],
            "version": "==0.5.1"
        },
        "maya": {
            "hashes": [
                "sha256:b22d22837f921b8cbe884b6a288d9f795c58d9d9165e4a9ff80df102914e2e49",
                "sha256:bad39d8f9c6e2c8f446a2187eafbc2128aa20397787be1e4697bb29b239908f5"
            ],
            "version": "==0.3.3"
        },
        "multidict": {
            "hashes": [
                "sha256:408adc42a58e19cd5e55ddbb907b817673c64904ff51bd397723b31b7cce0757",
                "sha256:da9449d1d78cd0451e27d93c121b20d3f3ac0188c1a87bf2e5982c28c031681e",
                "sha256:8bcbcb00d05cbb9b85f2dcce36e6c6a2fdf4fe4969331305d8857bc5211a1136",
                "sha256:fe7101b129ed478022b6211375b64e7b4bbdb78c344002a2b74fbbe759767f9b",
                "sha256:0da3b09079356c169b2e81eb18b5c784738cb2129a0bf912f6b7ec81211f9902",
                "sha256:3a68db44bc7c6c1587e6467c1e475b9f247a5b4894eb1e3b6a92c62599658108",
                "sha256:f0954db3abc8143c9428785e5a1754110e1503ae6491ef6f672d09603e858e02",
                "sha256:240d312195386c8bdb4006a3839d4e0bdac5b36ed5edbe2cbf36ae74da7c13f2",
                "sha256:1b685d2b60858640ba539586cded370c222e4d8005f45508a2d64c19e7a0933e",
                "sha256:ec86cbcf11676fabc9e8f5e5aef74686a6fa97c57638690311696b28cbe19f5e",
                "sha256:a7a1921373737464ed34f6bb1e3681c41c2332d9a1c40e2319e01951af788efa",
                "sha256:0d7f532b6dc0e8714ffc735492558070fdd411414c0a03c007a703175c7da415",
                "sha256:912556eeae51bdc4ed411e6a6e2fdbc6bba77aac1c6caca737c788383c98e882",
                "sha256:24f9d4440bd61d4a84a3b0bca8b904e6f25e34e728a69173b3ab4340f733855a",
                "sha256:eb2575713f0ecff4decbfee89f0991d2120c85b0f9401b100bb8c2e279e1aa20",
                "sha256:bd1ae0758dc27c07c3618a65c1ebd3274f60e8a0d8cf9eac09f4b078a53b972e",
                "sha256:438d2a27fd2db0539e7a093286396a53fca953f3a3521aa0abf57a2e40820044",
                "sha256:feefa7557ba49b15625043745d99ba1793645e16853c4b143d2e3ff5140c1fde",
                "sha256:2bc8350500970bfdca618e3c82e65ee5ff54af2acbefa55640b7daa9c3bf18da",
                "sha256:cf196c70b77a93603d1794fe3a92477c98c6c317c047a25c51ff360d49de798f",
                "sha256:7328bc54a2c793c48c70f2c5c627b65227ae610383b8fdfd8908f24e806dbdd3",
                "sha256:e76909da2fad6966281d4e0e4ccfd3c3025699ebcc30806afa09fa1384c3532b"
            ],
            "version": "==3.3.0"
        },
        "pendulum": {
            "hashes": [
                "sha256:f8dbd25920cb19de014a6cdd3401e00097a892779bff2c9ee86430d3c1c01afb",
                "sha256:3975c533fff06a5137facfd151ec4202192df89b4d5d2152d3c215f425452cd6",
                "sha256:e8b1f3a8b489815dd5fac150b532e1cf0bd6105b97b3b436bd12103cdbbd1eee",
                "sha256:ea71a4a8f667a986aeb7621f6d240c81d16680e87df324a5aed6cb33e16e55ec",
                "sha256:c74e0050016bc6640072df9db80f6a93c27bc126d6e0ac136e5ce4c7feefaaf1",
                "sha256:3636d598e9df74fc4e2e025ea285177dabc57d073f9a69b2ded96c91b13474cc",
                "sha256:a44313bd30ac5f5bdf08d441264c10229ef92c41948b071032b4fd26365a35f8",
                "sha256:501d843c3679da48c6eee49b3cbd6e3e36017b34e4e7b6995ca16ad974d2c738"
            ],
            "version": "==1.3.0"
        },
        "python-dateutil": {
            "hashes": [
                "sha256:95511bae634d69bc7329ba55e646499a842bc4ec342ad54a8cdb65645a0aad3c",
                "sha256:891c38b2a02f5bb1be3e4793866c8df49c7d19baabf9c1bad62547e0b4866aca"
            ],
            "version": "==2.6.1"
        },
        "pytz": {
            "hashes": [
                "sha256:c883c2d6670042c7bc1688645cac73dd2b03193d1f7a6847b6154e96890be06d",
                "sha256:03c9962afe00e503e2d96abab4e8998a0f84d4230fa57afe1e0528473698cdd9",
                "sha256:487e7d50710661116325747a9cd1744d3323f8e49748e287bc9e659060ec6bf9",
                "sha256:43f52d4c6a0be301d53ebd867de05e2926c35728b3260157d274635a0a947f1c",
                "sha256:d1d6729c85acea5423671382868627129432fba9a89ecbb248d8d1c7a9f01c67",
                "sha256:54a935085f7bf101f86b2aff75bd9672b435f51c3339db2ff616e66845f2b8f9",
                "sha256:39504670abb5dae77f56f8eb63823937ce727d7cdd0088e6909e6dcac0f89043",
                "sha256:ddc93b6d41cfb81266a27d23a79e13805d4a5521032b512643af8729041a81b4",
                "sha256:f5c056e8f62d45ba8215e5cb8f50dfccb198b4b9fbea8500674f3443e4689589"
            ],
            "version": "==2017.2"
        },
        "pytzdata": {
            "hashes": [
                "sha256:bd19fd653f89e498f1d4f9390d96456ce26ecd293a5e7405120a5de875d3314c",
                "sha256:141c539a6b3f6040ca4728f8a85df598f60adccdfbab3ac1efe110934ce4a331"
            ],
            "version": "==2017.2.2"
        },
        "regex": {
            "hashes": [
                "sha256:2f66aae1f85316ea11121e114005737138262213e39bee55cbba270344b7d6b6",
                "sha256:633a74730f774b995dad327cc6ff4c88c6f3a723e41c74cd85e2e062c67c3c10",
                "sha256:c8959faa9f4faef9b143ef65c12f767ece412c25336727d65ffde579ffc0e75f",
                "sha256:644a9e82a39cb3a8694fe907a589d3438d90abb937378e54db032c26061a76cb",
                "sha256:4495d2c707c31033dc7add6374b838d33ef189e7106de764b9d0c05e80cccd29",
                "sha256:38f255d20be5f1be6f436ac551600ae64e457fc8c4b0702d9e0361c2e81ba6cb",
                "sha256:43a6e5b91d3d2f9eb58710514b67209173983c44b506b83bb517f3a81365c798",
                "sha256:2063d31c28e0615bdd9b826b774fde9bf9ee653a61c868229eab6719cca1d063",
                "sha256:b95ae9b1c893e4187a57c5055bf3dc441a16097183a8bea5fcd052ebe6382293",
                "sha256:0570f49c0adbc8b3c7884af6ead0d702cb1fde15e2c1f5d577c8fbb7d9971e30",
                "sha256:7e2fb5b65a4b30571acf8e9f42fb83eecaa53a5ccbfab4d361bbdcb4de6ef30c",
                "sha256:9b7a3be54e5bef338eb6e1d8f90618a8cbc9955399aaf0354d2c5e1cfb4de8e9",
                "sha256:10eee551447686d77f8c8e0346ff9d893c9af594bb7ec3a2dcd904ef35f4e998",
                "sha256:e70d7334d22581a9d19979bbd998314affacb678da0617b1ca936203005d00cd",
                "sha256:5632e3806e5962cb257d59c61290b31e5efe14d8eb356e85d70cc601f255e95a",
                "sha256:0b8a7a609f8db94f047fed41d6cc4423620e4f2481f54973309d7d01c64766ef",
                "sha256:d273e439348ce266ff26d9552660323ac0a8609d6c8b29f68ab85143e81391a8",
                "sha256:98bf6f091b4f6b09cd302003c1ec06d9662122b456586e51bb8812eeceb5abd9",
                "sha256:80166c9e21c0171c7b502035f3ba25f43b5122def387ca6ba9706b6892fed7aa"
            ],
            "version": "==2017.9.23"
        },
        "ruamel.ordereddict": {
            "hashes": [
                "sha256:150ce8e6c514a2a2b62753622a75874962561f8e5eeec81a3172ab952807bf0b",
                "sha256:45541836cbfdde630033cae7bbbe35acbac87a0ceec79f944b7a3bedd940fe78",
                "sha256:aee2fa23e884249b4284b728888c553d551e5bfd4de2731f10153fd7813ec55f",
                "sha256:08b4b19fe518d32251a5338e039c4dc9eb0876f2919f94c9b8d2f9446ea80806",
                "sha256:bf0a198c8ce5d973c24e5dba12d3abc254996788ca6ad8448eabc6aa710db149"
            ],
            "markers": "platform_python_implementation == 'CPython' and python_version <= '2.7'",
            "version": "==0.4.13"
        },
        "ruamel.yaml": {
            "hashes": [
                "sha256:4bdec0b1a4a12e4a35b788ef53e0b2efd1e9f815ca48615b5244ccdbc8f0b56b",
                "sha256:6432088ef1c3cdc4b304dcec6044e560160c1f51dd0360ae3f0887057d310056",
                "sha256:64868964b64cad9103f37d0b4fc0ec950e5b683bbc47bf4a1ea893fd70aaabf0",
                "sha256:c8da0ea47df5f2dee58f6f904335ac55098b7e72303b01414ce80f37dd3091df",
                "sha256:87bdfb04981f1040ec60b1d1bfa8e7e4d89f7d06c86d4b2fa935002c62e43380",
                "sha256:c20e853cb585167fd5e4ce6e1b57fefe7bd4a61659f8fec5f77e12efa59a7a77",
                "sha256:e884979944642b4ad3222cb102a0d4c17fed2d37abfffdf0f319fae6e41d436a",
                "sha256:10493c92c0e5bd57d576d73b708ed900532846ead1b381c5236c41d0c39f5f71",
                "sha256:3127a87b274e516b3bf2058f64d784089322fddd7322f8e78e9f5380bdfee064",
                "sha256:530bec874292bacbbb80a9143e5182ce436c2a2434a2ea83dda24d30b8e572df",
                "sha256:d92d90c9bc0945223e47223a67808dd97ac9390ed914cc6871479b7ba489e607",
                "sha256:3e87114aac9553c39eea4b88e258eb7fdce39b81a2c399a775efe1f64e4f3d7b",
                "sha256:dfd14829070728159d0dac55a19e4c77514cb8ad3ae3fc2ed065d7f24038b60f",
                "sha256:2f28a3b6665697c20d841a4aee21cfb932bb0db91f293ff97daf845b914ddddb",
                "sha256:2de7bd2d5713c46be9d1d489b028178c9497813f78bd0486a31bbe1c268d7f21",
                "sha256:ddf0e1277664fafff0ae692e8ea2fca56f1ee4daf686d9be785ccdf3a9542744",
                "sha256:f1e29054c6e477963e302b007b6cd1d6c7a58c38d78fabe64fde9ce170d2d1fd"
            ],
            "version": "==0.15.34"
        },
        "six": {
            "hashes": [
                "sha256:832dc0e10feb1aa2c68dcc57dbb658f1c7e65b9b61af69048abc87a2db00a0eb",
                "sha256:70e8a77beed4562e7f14fe23a786b54f6296e34344c23bc42f07b15018ff98e9"
            ],
            "version": "==1.11.0"
        },
        "tzlocal": {
            "hashes": [
                "sha256:05a2908f7fb1ba8843f03b2360d6ad314dbf2bce4644feb702ccd38527e13059"
            ],
            "version": "==1.4"
        },
        "yarl": {
            "hashes": [
                "sha256:8b6a495e754269ba3817957dfe713532b7d5485cbcf3fce3e8624832f1156e3c",
                "sha256:14ff708e9813b961d5c0b9a30ae8323591deffca0ef4fa93fbaba94ec44f3560",
                "sha256:8756000c3ccf91acf9557401892864d2c869c0ae7c62e5d4fc3dd20ed5e8a3a7",
                "sha256:728b9b26d5927fd35b102c62c476bace5c5e0fb1275e7d4bb169d50720b1d687",
                "sha256:3a68281e8031b9eae9a1c186eff725ed31a66d4dbfd4dc7c0ceb1a15d4a0b09f",
                "sha256:dfacdfd8b350a10d66d2af0ef59fa56564cc03bcdcdd93a1aa6e65e9306f5882",
                "sha256:42d329be7cafa9210c17349fd2db90b967b76fc6fd411f9abaf450a9e7f7e2e4",
                "sha256:8d4a3ad001747e1225af47d46da935e507e7fe5e315bb4dbd235d5460b722488",
                "sha256:4dcf2e89e65745c4ae597a724a612dbdb2f38e92c0a5f145c9ec1701d4ddf384",
                "sha256:44e4ce0f59abbf7745ee450c3c4aa261a4deef83c7e1a3624dcc9db094d630e5",
                "sha256:626113e8649ff2e205ea49432c4c94f730326852905ba411fb82006e443f3231",
                "sha256:bfb4256496da1b1475a72e669464db539eca7b0fc3bddd231a64cf8afadb7efb",
                "sha256:25fe681a982f2cec567df8abac7cbd2ac27016e4aec89193945cab0643bfdb42"
            ],
            "version": "==0.13.0"
        }
    },
    "develop": {}
}
